# THIS IS AN AUTOGENERATED FILE. DO NOT EDIT THIS FILE DIRECTLY.
# yarn lockfile v1


fontsource-roboto@^3.0.3:
  version "3.0.3"
  resolved "https://registry.yarnpkg.com/fontsource-roboto/-/fontsource-roboto-3.0.3.tgz#99c312babeabce22b3e933b3edf2951d4508f4f7"
  integrity sha512-kfsC9qAP6XhwnSDAhg2lhWeaUJfLGXZh7GcLxFiz/4lXdkV2pVhWv2Xp9ES3b3BHdc9UuPrWXXLOphzHIStcOw==
